PODS:
  - Alamofire (5.7.1)
  - Sparkle (2.2.2)

DEPENDENCIES:
  - Alamofire
  - Sparkle

SPEC REPOS:
  trunk:
    - Alamofire
    - Sparkle

SPEC CHECKSUMS:
  Alamofire: 0123a34370cb170936ae79a8df46cc62b2edeb88
  Sparkle: cb8c851f6247a9acbe9e236539404c5be529f74d

PODFILE CHECKSUM: 2f2b72d4142f6d7b0d7b57485f153c37a01fbebf

COCOAPODS: 1.12.1
