PODS:
  - Alamofire (5.4.0)
  - Sparkle (1.24.0)

DEPENDENCIES:
  - Alamofire
  - Sparkle

SPEC REPOS:
  trunk:
    - Alamofire
    - Sparkle

SPEC CHECKSUMS:
  Alamofire: 3b6a534a3df22db367e4dedeeca73d1ddfcf0e2f
  Sparkle: 270cd27377bf04e9c128af06e3a22d0f572d6ee3

PODFILE CHECKSUM: 2f2b72d4142f6d7b0d7b57485f153c37a01fbebf

COCOAPODS: 1.10.0
